
Microsoft Visual Studio Solution File, Format Version 12.00
# Visual Studio Version 17
VisualStudioVersion = 17.4.33213.308
MinimumVisualStudioVersion = 10.0.40219.1
Project("{8BC9CEB8-8B4A-11D0-8D11-00A0C91BC942}") = "large_number_processor", "large_number_processor.vcxproj", "{847E10A1-EE63-486F-A257-5ABE7E60A257}"
EndProject
Global
	GlobalSection(SolutionConfigurationPlatforms) = preSolution
		Debug|x64 = Debug|x64
		Debug|x86 = Debug|x86
		Release|x64 = Release|x64
		Release|x86 = Release|x86
	EndGlobalSection
	GlobalSection(ProjectConfigurationPlatforms) = postSolution
		{847E10A1-EE63-486F-A257-5ABE7E60A257}.Debug|x64.ActiveCfg = Debug|x64
		{847E10A1-EE63-486F-A257-5ABE7E60A257}.Debug|x64.Build.0 = Debug|x64
		{847E10A1-EE63-486F-A257-5ABE7E60A257}.Debug|x86.ActiveCfg = Debug|Win32
		{847E10A1-EE63-486F-A257-5ABE7E60A257}.Debug|x86.Build.0 = Debug|Win32
		{847E10A1-EE63-486F-A257-5ABE7E60A257}.Release|x64.ActiveCfg = Release|x64
		{847E10A1-EE63-486F-A257-5ABE7E60A257}.Release|x64.Build.0 = Release|x64
		{847E10A1-EE63-486F-A257-5ABE7E60A257}.Release|x86.ActiveCfg = Release|Win32
		{847E10A1-EE63-486F-A257-5ABE7E60A257}.Release|x86.Build.0 = Release|Win32
	EndGlobalSection
	GlobalSection(SolutionProperties) = preSolution
		HideSolutionNode = FALSE
	EndGlobalSection
	GlobalSection(ExtensibilityGlobals) = postSolution
		SolutionGuid = {BD81DA87-BA89-4016-8CCA-55811D1FF762}
	EndGlobalSection
EndGlobal
